
Microsoft Visual Studio Solution File, Format Version 12.00
# Visual Studio 15
VisualStudioVersion = 15.0.27004.2010
MinimumVisualStudioVersion = 10.0.40219.1
Project("{FAE04EC0-301F-11D3-BF4B-00C04F79EFBC}") = "Frontend.Web", "Sources\Frontend.Web\Frontend.Web.csproj", "{A7491CB9-CB82-4FB3-8A41-B7E904EFB8A8}"
EndProject
Project("{2150E333-8FDC-42A3-9474-1A3956D46DE8}") = "Libraries", "Libraries", "{D8BFBD6B-91DE-481E-B1CC-68DB7015E6E2}"
EndProject
Project("{2150E333-8FDC-42A3-9474-1A3956D46DE8}") = "Dal", "Dal", "{264D95C1-7885-4D0D-902A-21BA8AE79989}"
EndProject
Project("{FAE04EC0-301F-11D3-BF4B-00C04F79EFBC}") = "Dal", "Sources\Dal\Dal\Dal.csproj", "{A15CFE29-82AD-4D2C-96B9-17AF4D0D8AE3}"
EndProject
Project("{2150E333-8FDC-42A3-9474-1A3956D46DE8}") = "Modules", "Modules", "{A697970B-3CC9-4917-8741-00C0EE2A12FC}"
EndProject
Project("{2150E333-8FDC-42A3-9474-1A3956D46DE8}") = "Themes", "Themes", "{6D839461-2C67-4D89-8398-C185557D4719}"
EndProject
Project("{FAE04EC0-301F-11D3-BF4B-00C04F79EFBC}") = "Libraries.Core.Backend", "Sources\Frontend.Web.Core\Libraries\Libraries.Core.Backend\Libraries.Core.Backend.csproj", "{E1340322-4AE0-4BEE-B2DD-B5FFC986FBC4}"
EndProject
Project("{FAE04EC0-301F-11D3-BF4B-00C04F79EFBC}") = "Libraries.Core.Frontend", "Sources\Frontend.Web.Core\Libraries\Libraries.Core.Frontend\Libraries.Core.Frontend.csproj", "{EC84091D-C948-4328-A619-4CE4C49D4A66}"
EndProject
Project("{FAE04EC0-301F-11D3-BF4B-00C04F79EFBC}") = "Themes.Core", "Sources\Frontend.Web.Core\Themes\Themes.Core\Themes.Core.csproj", "{9D107675-2567-4EAA-9647-0FDA18E865E6}"
EndProject
Project("{FAE04EC0-301F-11D3-BF4B-00C04F79EFBC}") = "Modules.Core", "Sources\Frontend.Web.Core\Modules\Modules.Core\Modules.Core.csproj", "{C9F13CAD-1D52-4FF7-8041-C9B6A08B429E}"
EndProject
Project("{FAE04EC0-301F-11D3-BF4B-00C04F79EFBC}") = "Translations", "Sources\Translations\Translations.csproj", "{B1BC5ED0-E216-4004-AA85-91427413EB89}"
EndProject
Project("{FAE04EC0-301F-11D3-BF4B-00C04F79EFBC}") = "Modules.Site", "Sources\Frontend.Web.Core\Modules\Modules.Site\Modules.Site.csproj", "{5748BA3C-A420-45BA-9B2D-DFCE432F5978}"
EndProject
Project("{FAE04EC0-301F-11D3-BF4B-00C04F79EFBC}") = "DataGenerator", "Sources\Dal\DataGenerator\DataGenerator.csproj", "{7A435C1D-6D03-43D2-9679-2F11BF893A59}"
EndProject
Project("{FAE04EC0-301F-11D3-BF4B-00C04F79EFBC}") = "Logs", "Sources\Dal\Logs\Logs.csproj", "{03175A4D-E0B2-497D-9348-59D0784D2865}"
EndProject
Project("{2150E333-8FDC-42A3-9474-1A3956D46DE8}") = "License", "License", "{CCD37E3E-1897-4253-A0C6-73A139FD68FA}"
	ProjectSection(SolutionItems) = preProject
		License\gpl-3.0.pdf = License\gpl-3.0.pdf
	EndProjectSection
EndProject
Project("{FAE04EC0-301F-11D3-BF4B-00C04F79EFBC}") = "Modules.WebApi", "Sources\Frontend.Web.Core\Modules\Modules.WebApi\Modules.WebApi.csproj", "{005C85D6-29AF-496E-8DB3-4648596DD155}"
EndProject
Project("{FAE04EC0-301F-11D3-BF4B-00C04F79EFBC}") = "Modules.WebApi.Shared", "Sources\Frontend.Web.Core\Modules\Modules.WebApi.Shared\Modules.WebApi.Shared.csproj", "{D19D7195-DC06-46A9-90E2-089AF160C964}"
EndProject
Project("{FAE04EC0-301F-11D3-BF4B-00C04F79EFBC}") = "Modules.Layouts", "Sources\Frontend.Web.Core\Modules\Modules.Layouts\Modules.Layouts.csproj", "{35584E95-47BB-4E5A-AB49-86D9B18FA0C6}"
EndProject
Global
	GlobalSection(SolutionConfigurationPlatforms) = preSolution
		Debug|Any CPU = Debug|Any CPU
		Debug|x64 = Debug|x64
		Debug|x86 = Debug|x86
		Release|Any CPU = Release|Any CPU
		Release|x64 = Release|x64
		Release|x86 = Release|x86
		vasiliy.stan|Any CPU = vasiliy.stan|Any CPU
		vasiliy.stan|x64 = vasiliy.stan|x64
		vasiliy.stan|x86 = vasiliy.stan|x86
	EndGlobalSection
	GlobalSection(ProjectConfigurationPlatforms) = postSolution
		{A7491CB9-CB82-4FB3-8A41-B7E904EFB8A8}.Debug|Any CPU.ActiveCfg = Debug|Any CPU
		{A7491CB9-CB82-4FB3-8A41-B7E904EFB8A8}.Debug|Any CPU.Build.0 = Debug|Any CPU
		{A7491CB9-CB82-4FB3-8A41-B7E904EFB8A8}.Debug|x64.ActiveCfg = Debug|Any CPU
		{A7491CB9-CB82-4FB3-8A41-B7E904EFB8A8}.Debug|x64.Build.0 = Debug|Any CPU
		{A7491CB9-CB82-4FB3-8A41-B7E904EFB8A8}.Debug|x86.ActiveCfg = Debug|Any CPU
		{A7491CB9-CB82-4FB3-8A41-B7E904EFB8A8}.Debug|x86.Build.0 = Debug|Any CPU
		{A7491CB9-CB82-4FB3-8A41-B7E904EFB8A8}.Release|Any CPU.ActiveCfg = Release|Any CPU
		{A7491CB9-CB82-4FB3-8A41-B7E904EFB8A8}.Release|Any CPU.Build.0 = Release|Any CPU
		{A7491CB9-CB82-4FB3-8A41-B7E904EFB8A8}.Release|x64.ActiveCfg = Release|Any CPU
		{A7491CB9-CB82-4FB3-8A41-B7E904EFB8A8}.Release|x64.Build.0 = Release|Any CPU
		{A7491CB9-CB82-4FB3-8A41-B7E904EFB8A8}.Release|x86.ActiveCfg = Release|Any CPU
		{A7491CB9-CB82-4FB3-8A41-B7E904EFB8A8}.Release|x86.Build.0 = Release|Any CPU
		{A7491CB9-CB82-4FB3-8A41-B7E904EFB8A8}.vasiliy.stan|Any CPU.ActiveCfg = vasiliy.stan|Any CPU
		{A7491CB9-CB82-4FB3-8A41-B7E904EFB8A8}.vasiliy.stan|Any CPU.Build.0 = vasiliy.stan|Any CPU
		{A7491CB9-CB82-4FB3-8A41-B7E904EFB8A8}.vasiliy.stan|x64.ActiveCfg = vasiliy.stan|Any CPU
		{A7491CB9-CB82-4FB3-8A41-B7E904EFB8A8}.vasiliy.stan|x64.Build.0 = vasiliy.stan|Any CPU
		{A7491CB9-CB82-4FB3-8A41-B7E904EFB8A8}.vasiliy.stan|x86.ActiveCfg = vasiliy.stan|Any CPU
		{A7491CB9-CB82-4FB3-8A41-B7E904EFB8A8}.vasiliy.stan|x86.Build.0 = vasiliy.stan|Any CPU
		{A15CFE29-82AD-4D2C-96B9-17AF4D0D8AE3}.Debug|Any CPU.ActiveCfg = Debug|Any CPU
		{A15CFE29-82AD-4D2C-96B9-17AF4D0D8AE3}.Debug|Any CPU.Build.0 = Debug|Any CPU
		{A15CFE29-82AD-4D2C-96B9-17AF4D0D8AE3}.Debug|x64.ActiveCfg = Debug|Any CPU
		{A15CFE29-82AD-4D2C-96B9-17AF4D0D8AE3}.Debug|x64.Build.0 = Debug|Any CPU
		{A15CFE29-82AD-4D2C-96B9-17AF4D0D8AE3}.Debug|x86.ActiveCfg = Debug|Any CPU
		{A15CFE29-82AD-4D2C-96B9-17AF4D0D8AE3}.Debug|x86.Build.0 = Debug|Any CPU
		{A15CFE29-82AD-4D2C-96B9-17AF4D0D8AE3}.Release|Any CPU.ActiveCfg = Release|Any CPU
		{A15CFE29-82AD-4D2C-96B9-17AF4D0D8AE3}.Release|Any CPU.Build.0 = Release|Any CPU
		{A15CFE29-82AD-4D2C-96B9-17AF4D0D8AE3}.Release|x64.ActiveCfg = Release|Any CPU
		{A15CFE29-82AD-4D2C-96B9-17AF4D0D8AE3}.Release|x64.Build.0 = Release|Any CPU
		{A15CFE29-82AD-4D2C-96B9-17AF4D0D8AE3}.Release|x86.ActiveCfg = Release|Any CPU
		{A15CFE29-82AD-4D2C-96B9-17AF4D0D8AE3}.Release|x86.Build.0 = Release|Any CPU
		{A15CFE29-82AD-4D2C-96B9-17AF4D0D8AE3}.vasiliy.stan|Any CPU.ActiveCfg = vasiliy.stan|Any CPU
		{A15CFE29-82AD-4D2C-96B9-17AF4D0D8AE3}.vasiliy.stan|Any CPU.Build.0 = vasiliy.stan|Any CPU
		{A15CFE29-82AD-4D2C-96B9-17AF4D0D8AE3}.vasiliy.stan|x64.ActiveCfg = vasiliy.stan|Any CPU
		{A15CFE29-82AD-4D2C-96B9-17AF4D0D8AE3}.vasiliy.stan|x64.Build.0 = vasiliy.stan|Any CPU
		{A15CFE29-82AD-4D2C-96B9-17AF4D0D8AE3}.vasiliy.stan|x86.ActiveCfg = vasiliy.stan|Any CPU
		{A15CFE29-82AD-4D2C-96B9-17AF4D0D8AE3}.vasiliy.stan|x86.Build.0 = vasiliy.stan|Any CPU
		{E1340322-4AE0-4BEE-B2DD-B5FFC986FBC4}.Debug|Any CPU.ActiveCfg = Debug|Any CPU
		{E1340322-4AE0-4BEE-B2DD-B5FFC986FBC4}.Debug|Any CPU.Build.0 = Debug|Any CPU
		{E1340322-4AE0-4BEE-B2DD-B5FFC986FBC4}.Debug|x64.ActiveCfg = Debug|Any CPU
		{E1340322-4AE0-4BEE-B2DD-B5FFC986FBC4}.Debug|x64.Build.0 = Debug|Any CPU
		{E1340322-4AE0-4BEE-B2DD-B5FFC986FBC4}.Debug|x86.ActiveCfg = Debug|Any CPU
		{E1340322-4AE0-4BEE-B2DD-B5FFC986FBC4}.Debug|x86.Build.0 = Debug|Any CPU
		{E1340322-4AE0-4BEE-B2DD-B5FFC986FBC4}.Release|Any CPU.ActiveCfg = Release|Any CPU
		{E1340322-4AE0-4BEE-B2DD-B5FFC986FBC4}.Release|Any CPU.Build.0 = Release|Any CPU
		{E1340322-4AE0-4BEE-B2DD-B5FFC986FBC4}.Release|x64.ActiveCfg = Release|Any CPU
		{E1340322-4AE0-4BEE-B2DD-B5FFC986FBC4}.Release|x64.Build.0 = Release|Any CPU
		{E1340322-4AE0-4BEE-B2DD-B5FFC986FBC4}.Release|x86.ActiveCfg = Release|Any CPU
		{E1340322-4AE0-4BEE-B2DD-B5FFC986FBC4}.Release|x86.Build.0 = Release|Any CPU
		{E1340322-4AE0-4BEE-B2DD-B5FFC986FBC4}.vasiliy.stan|Any CPU.ActiveCfg = vasiliy.stan|Any CPU
		{E1340322-4AE0-4BEE-B2DD-B5FFC986FBC4}.vasiliy.stan|Any CPU.Build.0 = vasiliy.stan|Any CPU
		{E1340322-4AE0-4BEE-B2DD-B5FFC986FBC4}.vasiliy.stan|x64.ActiveCfg = vasiliy.stan|Any CPU
		{E1340322-4AE0-4BEE-B2DD-B5FFC986FBC4}.vasiliy.stan|x64.Build.0 = vasiliy.stan|Any CPU
		{E1340322-4AE0-4BEE-B2DD-B5FFC986FBC4}.vasiliy.stan|x86.ActiveCfg = vasiliy.stan|Any CPU
		{E1340322-4AE0-4BEE-B2DD-B5FFC986FBC4}.vasiliy.stan|x86.Build.0 = vasiliy.stan|Any CPU
		{EC84091D-C948-4328-A619-4CE4C49D4A66}.Debug|Any CPU.ActiveCfg = Debug|Any CPU
		{EC84091D-C948-4328-A619-4CE4C49D4A66}.Debug|Any CPU.Build.0 = Debug|Any CPU
		{EC84091D-C948-4328-A619-4CE4C49D4A66}.Debug|x64.ActiveCfg = Debug|Any CPU
		{EC84091D-C948-4328-A619-4CE4C49D4A66}.Debug|x64.Build.0 = Debug|Any CPU
		{EC84091D-C948-4328-A619-4CE4C49D4A66}.Debug|x86.ActiveCfg = Debug|Any CPU
		{EC84091D-C948-4328-A619-4CE4C49D4A66}.Debug|x86.Build.0 = Debug|Any CPU
		{EC84091D-C948-4328-A619-4CE4C49D4A66}.Release|Any CPU.ActiveCfg = Release|Any CPU
		{EC84091D-C948-4328-A619-4CE4C49D4A66}.Release|Any CPU.Build.0 = Release|Any CPU
		{EC84091D-C948-4328-A619-4CE4C49D4A66}.Release|x64.ActiveCfg = Release|Any CPU
		{EC84091D-C948-4328-A619-4CE4C49D4A66}.Release|x64.Build.0 = Release|Any CPU
		{EC84091D-C948-4328-A619-4CE4C49D4A66}.Release|x86.ActiveCfg = Release|Any CPU
		{EC84091D-C948-4328-A619-4CE4C49D4A66}.Release|x86.Build.0 = Release|Any CPU
		{EC84091D-C948-4328-A619-4CE4C49D4A66}.vasiliy.stan|Any CPU.ActiveCfg = vasiliy.stan|Any CPU
		{EC84091D-C948-4328-A619-4CE4C49D4A66}.vasiliy.stan|Any CPU.Build.0 = vasiliy.stan|Any CPU
		{EC84091D-C948-4328-A619-4CE4C49D4A66}.vasiliy.stan|x64.ActiveCfg = vasiliy.stan|Any CPU
		{EC84091D-C948-4328-A619-4CE4C49D4A66}.vasiliy.stan|x64.Build.0 = vasiliy.stan|Any CPU
		{EC84091D-C948-4328-A619-4CE4C49D4A66}.vasiliy.stan|x86.ActiveCfg = vasiliy.stan|Any CPU
		{EC84091D-C948-4328-A619-4CE4C49D4A66}.vasiliy.stan|x86.Build.0 = vasiliy.stan|Any CPU
		{9D107675-2567-4EAA-9647-0FDA18E865E6}.Debug|Any CPU.ActiveCfg = Debug|Any CPU
		{9D107675-2567-4EAA-9647-0FDA18E865E6}.Debug|Any CPU.Build.0 = Debug|Any CPU
		{9D107675-2567-4EAA-9647-0FDA18E865E6}.Debug|x64.ActiveCfg = Debug|Any CPU
		{9D107675-2567-4EAA-9647-0FDA18E865E6}.Debug|x64.Build.0 = Debug|Any CPU
		{9D107675-2567-4EAA-9647-0FDA18E865E6}.Debug|x86.ActiveCfg = Debug|Any CPU
		{9D107675-2567-4EAA-9647-0FDA18E865E6}.Debug|x86.Build.0 = Debug|Any CPU
		{9D107675-2567-4EAA-9647-0FDA18E865E6}.Release|Any CPU.ActiveCfg = Release|Any CPU
		{9D107675-2567-4EAA-9647-0FDA18E865E6}.Release|Any CPU.Build.0 = Release|Any CPU
		{9D107675-2567-4EAA-9647-0FDA18E865E6}.Release|x64.ActiveCfg = Release|Any CPU
		{9D107675-2567-4EAA-9647-0FDA18E865E6}.Release|x64.Build.0 = Release|Any CPU
		{9D107675-2567-4EAA-9647-0FDA18E865E6}.Release|x86.ActiveCfg = Release|Any CPU
		{9D107675-2567-4EAA-9647-0FDA18E865E6}.Release|x86.Build.0 = Release|Any CPU
		{9D107675-2567-4EAA-9647-0FDA18E865E6}.vasiliy.stan|Any CPU.ActiveCfg = vasiliy.stan|Any CPU
		{9D107675-2567-4EAA-9647-0FDA18E865E6}.vasiliy.stan|Any CPU.Build.0 = vasiliy.stan|Any CPU
		{9D107675-2567-4EAA-9647-0FDA18E865E6}.vasiliy.stan|x64.ActiveCfg = vasiliy.stan|Any CPU
		{9D107675-2567-4EAA-9647-0FDA18E865E6}.vasiliy.stan|x64.Build.0 = vasiliy.stan|Any CPU
		{9D107675-2567-4EAA-9647-0FDA18E865E6}.vasiliy.stan|x86.ActiveCfg = vasiliy.stan|Any CPU
		{9D107675-2567-4EAA-9647-0FDA18E865E6}.vasiliy.stan|x86.Build.0 = vasiliy.stan|Any CPU
		{C9F13CAD-1D52-4FF7-8041-C9B6A08B429E}.Debug|Any CPU.ActiveCfg = Debug|Any CPU
		{C9F13CAD-1D52-4FF7-8041-C9B6A08B429E}.Debug|Any CPU.Build.0 = Debug|Any CPU
		{C9F13CAD-1D52-4FF7-8041-C9B6A08B429E}.Debug|x64.ActiveCfg = Debug|Any CPU
		{C9F13CAD-1D52-4FF7-8041-C9B6A08B429E}.Debug|x64.Build.0 = Debug|Any CPU
		{C9F13CAD-1D52-4FF7-8041-C9B6A08B429E}.Debug|x86.ActiveCfg = Debug|Any CPU
		{C9F13CAD-1D52-4FF7-8041-C9B6A08B429E}.Debug|x86.Build.0 = Debug|Any CPU
		{C9F13CAD-1D52-4FF7-8041-C9B6A08B429E}.Release|Any CPU.ActiveCfg = Release|Any CPU
		{C9F13CAD-1D52-4FF7-8041-C9B6A08B429E}.Release|Any CPU.Build.0 = Release|Any CPU
		{C9F13CAD-1D52-4FF7-8041-C9B6A08B429E}.Release|x64.ActiveCfg = Release|Any CPU
		{C9F13CAD-1D52-4FF7-8041-C9B6A08B429E}.Release|x64.Build.0 = Release|Any CPU
		{C9F13CAD-1D52-4FF7-8041-C9B6A08B429E}.Release|x86.ActiveCfg = Release|Any CPU
		{C9F13CAD-1D52-4FF7-8041-C9B6A08B429E}.Release|x86.Build.0 = Release|Any CPU
		{C9F13CAD-1D52-4FF7-8041-C9B6A08B429E}.vasiliy.stan|Any CPU.ActiveCfg = vasiliy.stan|Any CPU
		{C9F13CAD-1D52-4FF7-8041-C9B6A08B429E}.vasiliy.stan|Any CPU.Build.0 = vasiliy.stan|Any CPU
		{C9F13CAD-1D52-4FF7-8041-C9B6A08B429E}.vasiliy.stan|x64.ActiveCfg = vasiliy.stan|Any CPU
		{C9F13CAD-1D52-4FF7-8041-C9B6A08B429E}.vasiliy.stan|x64.Build.0 = vasiliy.stan|Any CPU
		{C9F13CAD-1D52-4FF7-8041-C9B6A08B429E}.vasiliy.stan|x86.ActiveCfg = vasiliy.stan|Any CPU
		{C9F13CAD-1D52-4FF7-8041-C9B6A08B429E}.vasiliy.stan|x86.Build.0 = vasiliy.stan|Any CPU
		{B1BC5ED0-E216-4004-AA85-91427413EB89}.Debug|Any CPU.ActiveCfg = Debug|Any CPU
		{B1BC5ED0-E216-4004-AA85-91427413EB89}.Debug|Any CPU.Build.0 = Debug|Any CPU
		{B1BC5ED0-E216-4004-AA85-91427413EB89}.Debug|x64.ActiveCfg = Debug|Any CPU
		{B1BC5ED0-E216-4004-AA85-91427413EB89}.Debug|x64.Build.0 = Debug|Any CPU
		{B1BC5ED0-E216-4004-AA85-91427413EB89}.Debug|x86.ActiveCfg = Debug|Any CPU
		{B1BC5ED0-E216-4004-AA85-91427413EB89}.Debug|x86.Build.0 = Debug|Any CPU
		{B1BC5ED0-E216-4004-AA85-91427413EB89}.Release|Any CPU.ActiveCfg = Release|Any CPU
		{B1BC5ED0-E216-4004-AA85-91427413EB89}.Release|Any CPU.Build.0 = Release|Any CPU
		{B1BC5ED0-E216-4004-AA85-91427413EB89}.Release|x64.ActiveCfg = Release|Any CPU
		{B1BC5ED0-E216-4004-AA85-91427413EB89}.Release|x64.Build.0 = Release|Any CPU
		{B1BC5ED0-E216-4004-AA85-91427413EB89}.Release|x86.ActiveCfg = Release|Any CPU
		{B1BC5ED0-E216-4004-AA85-91427413EB89}.Release|x86.Build.0 = Release|Any CPU
		{B1BC5ED0-E216-4004-AA85-91427413EB89}.vasiliy.stan|Any CPU.ActiveCfg = vasiliy.stan|Any CPU
		{B1BC5ED0-E216-4004-AA85-91427413EB89}.vasiliy.stan|Any CPU.Build.0 = vasiliy.stan|Any CPU
		{B1BC5ED0-E216-4004-AA85-91427413EB89}.vasiliy.stan|x64.ActiveCfg = vasiliy.stan|Any CPU
		{B1BC5ED0-E216-4004-AA85-91427413EB89}.vasiliy.stan|x64.Build.0 = vasiliy.stan|Any CPU
		{B1BC5ED0-E216-4004-AA85-91427413EB89}.vasiliy.stan|x86.ActiveCfg = vasiliy.stan|Any CPU
		{B1BC5ED0-E216-4004-AA85-91427413EB89}.vasiliy.stan|x86.Build.0 = vasiliy.stan|Any CPU
		{5748BA3C-A420-45BA-9B2D-DFCE432F5978}.Debug|Any CPU.ActiveCfg = Debug|Any CPU
		{5748BA3C-A420-45BA-9B2D-DFCE432F5978}.Debug|Any CPU.Build.0 = Debug|Any CPU
		{5748BA3C-A420-45BA-9B2D-DFCE432F5978}.Debug|x64.ActiveCfg = Debug|Any CPU
		{5748BA3C-A420-45BA-9B2D-DFCE432F5978}.Debug|x64.Build.0 = Debug|Any CPU
		{5748BA3C-A420-45BA-9B2D-DFCE432F5978}.Debug|x86.ActiveCfg = Debug|Any CPU
		{5748BA3C-A420-45BA-9B2D-DFCE432F5978}.Debug|x86.Build.0 = Debug|Any CPU
		{5748BA3C-A420-45BA-9B2D-DFCE432F5978}.Release|Any CPU.ActiveCfg = Release|Any CPU
		{5748BA3C-A420-45BA-9B2D-DFCE432F5978}.Release|Any CPU.Build.0 = Release|Any CPU
		{5748BA3C-A420-45BA-9B2D-DFCE432F5978}.Release|x64.ActiveCfg = Release|Any CPU
		{5748BA3C-A420-45BA-9B2D-DFCE432F5978}.Release|x64.Build.0 = Release|Any CPU
		{5748BA3C-A420-45BA-9B2D-DFCE432F5978}.Release|x86.ActiveCfg = Release|Any CPU
		{5748BA3C-A420-45BA-9B2D-DFCE432F5978}.Release|x86.Build.0 = Release|Any CPU
		{5748BA3C-A420-45BA-9B2D-DFCE432F5978}.vasiliy.stan|Any CPU.ActiveCfg = vasiliy.stan|Any CPU
		{5748BA3C-A420-45BA-9B2D-DFCE432F5978}.vasiliy.stan|Any CPU.Build.0 = vasiliy.stan|Any CPU
		{5748BA3C-A420-45BA-9B2D-DFCE432F5978}.vasiliy.stan|x64.ActiveCfg = vasiliy.stan|Any CPU
		{5748BA3C-A420-45BA-9B2D-DFCE432F5978}.vasiliy.stan|x64.Build.0 = vasiliy.stan|Any CPU
		{5748BA3C-A420-45BA-9B2D-DFCE432F5978}.vasiliy.stan|x86.ActiveCfg = vasiliy.stan|Any CPU
		{5748BA3C-A420-45BA-9B2D-DFCE432F5978}.vasiliy.stan|x86.Build.0 = vasiliy.stan|Any CPU
		{7A435C1D-6D03-43D2-9679-2F11BF893A59}.Debug|Any CPU.ActiveCfg = Debug|Any CPU
		{7A435C1D-6D03-43D2-9679-2F11BF893A59}.Debug|Any CPU.Build.0 = Debug|Any CPU
		{7A435C1D-6D03-43D2-9679-2F11BF893A59}.Debug|x64.ActiveCfg = Debug|Any CPU
		{7A435C1D-6D03-43D2-9679-2F11BF893A59}.Debug|x64.Build.0 = Debug|Any CPU
		{7A435C1D-6D03-43D2-9679-2F11BF893A59}.Debug|x86.ActiveCfg = Debug|Any CPU
		{7A435C1D-6D03-43D2-9679-2F11BF893A59}.Debug|x86.Build.0 = Debug|Any CPU
		{7A435C1D-6D03-43D2-9679-2F11BF893A59}.Release|Any CPU.ActiveCfg = Release|Any CPU
		{7A435C1D-6D03-43D2-9679-2F11BF893A59}.Release|Any CPU.Build.0 = Release|Any CPU
		{7A435C1D-6D03-43D2-9679-2F11BF893A59}.Release|x64.ActiveCfg = Release|Any CPU
		{7A435C1D-6D03-43D2-9679-2F11BF893A59}.Release|x64.Build.0 = Release|Any CPU
		{7A435C1D-6D03-43D2-9679-2F11BF893A59}.Release|x86.ActiveCfg = Release|Any CPU
		{7A435C1D-6D03-43D2-9679-2F11BF893A59}.Release|x86.Build.0 = Release|Any CPU
		{7A435C1D-6D03-43D2-9679-2F11BF893A59}.vasiliy.stan|Any CPU.ActiveCfg = vasiliy.stan|Any CPU
		{7A435C1D-6D03-43D2-9679-2F11BF893A59}.vasiliy.stan|Any CPU.Build.0 = vasiliy.stan|Any CPU
		{7A435C1D-6D03-43D2-9679-2F11BF893A59}.vasiliy.stan|x64.ActiveCfg = vasiliy.stan|Any CPU
		{7A435C1D-6D03-43D2-9679-2F11BF893A59}.vasiliy.stan|x64.Build.0 = vasiliy.stan|Any CPU
		{7A435C1D-6D03-43D2-9679-2F11BF893A59}.vasiliy.stan|x86.ActiveCfg = vasiliy.stan|Any CPU
		{7A435C1D-6D03-43D2-9679-2F11BF893A59}.vasiliy.stan|x86.Build.0 = vasiliy.stan|Any CPU
		{03175A4D-E0B2-497D-9348-59D0784D2865}.Debug|Any CPU.ActiveCfg = Debug|Any CPU
		{03175A4D-E0B2-497D-9348-59D0784D2865}.Debug|Any CPU.Build.0 = Debug|Any CPU
		{03175A4D-E0B2-497D-9348-59D0784D2865}.Debug|x64.ActiveCfg = Debug|Any CPU
		{03175A4D-E0B2-497D-9348-59D0784D2865}.Debug|x64.Build.0 = Debug|Any CPU
		{03175A4D-E0B2-497D-9348-59D0784D2865}.Debug|x86.ActiveCfg = Debug|Any CPU
		{03175A4D-E0B2-497D-9348-59D0784D2865}.Debug|x86.Build.0 = Debug|Any CPU
		{03175A4D-E0B2-497D-9348-59D0784D2865}.Release|Any CPU.ActiveCfg = Release|Any CPU
		{03175A4D-E0B2-497D-9348-59D0784D2865}.Release|Any CPU.Build.0 = Release|Any CPU
		{03175A4D-E0B2-497D-9348-59D0784D2865}.Release|x64.ActiveCfg = Release|Any CPU
		{03175A4D-E0B2-497D-9348-59D0784D2865}.Release|x64.Build.0 = Release|Any CPU
		{03175A4D-E0B2-497D-9348-59D0784D2865}.Release|x86.ActiveCfg = Release|Any CPU
		{03175A4D-E0B2-497D-9348-59D0784D2865}.Release|x86.Build.0 = Release|Any CPU
		{03175A4D-E0B2-497D-9348-59D0784D2865}.vasiliy.stan|Any CPU.ActiveCfg = vasiliy.stan|Any CPU
		{03175A4D-E0B2-497D-9348-59D0784D2865}.vasiliy.stan|Any CPU.Build.0 = vasiliy.stan|Any CPU
		{03175A4D-E0B2-497D-9348-59D0784D2865}.vasiliy.stan|x64.ActiveCfg = vasiliy.stan|Any CPU
		{03175A4D-E0B2-497D-9348-59D0784D2865}.vasiliy.stan|x64.Build.0 = vasiliy.stan|Any CPU
		{03175A4D-E0B2-497D-9348-59D0784D2865}.vasiliy.stan|x86.ActiveCfg = vasiliy.stan|Any CPU
		{03175A4D-E0B2-497D-9348-59D0784D2865}.vasiliy.stan|x86.Build.0 = vasiliy.stan|Any CPU
		{005C85D6-29AF-496E-8DB3-4648596DD155}.Debug|Any CPU.ActiveCfg = Debug|Any CPU
		{005C85D6-29AF-496E-8DB3-4648596DD155}.Debug|Any CPU.Build.0 = Debug|Any CPU
		{005C85D6-29AF-496E-8DB3-4648596DD155}.Debug|x64.ActiveCfg = Debug|Any CPU
		{005C85D6-29AF-496E-8DB3-4648596DD155}.Debug|x64.Build.0 = Debug|Any CPU
		{005C85D6-29AF-496E-8DB3-4648596DD155}.Debug|x86.ActiveCfg = Debug|Any CPU
		{005C85D6-29AF-496E-8DB3-4648596DD155}.Debug|x86.Build.0 = Debug|Any CPU
		{005C85D6-29AF-496E-8DB3-4648596DD155}.Release|Any CPU.ActiveCfg = Release|Any CPU
		{005C85D6-29AF-496E-8DB3-4648596DD155}.Release|Any CPU.Build.0 = Release|Any CPU
		{005C85D6-29AF-496E-8DB3-4648596DD155}.Release|x64.ActiveCfg = Release|Any CPU
		{005C85D6-29AF-496E-8DB3-4648596DD155}.Release|x64.Build.0 = Release|Any CPU
		{005C85D6-29AF-496E-8DB3-4648596DD155}.Release|x86.ActiveCfg = Release|Any CPU
		{005C85D6-29AF-496E-8DB3-4648596DD155}.Release|x86.Build.0 = Release|Any CPU
		{005C85D6-29AF-496E-8DB3-4648596DD155}.vasiliy.stan|Any CPU.ActiveCfg = vasiliy.stan|Any CPU
		{005C85D6-29AF-496E-8DB3-4648596DD155}.vasiliy.stan|Any CPU.Build.0 = vasiliy.stan|Any CPU
		{005C85D6-29AF-496E-8DB3-4648596DD155}.vasiliy.stan|x64.ActiveCfg = vasiliy.stan|Any CPU
		{005C85D6-29AF-496E-8DB3-4648596DD155}.vasiliy.stan|x64.Build.0 = vasiliy.stan|Any CPU
		{005C85D6-29AF-496E-8DB3-4648596DD155}.vasiliy.stan|x86.ActiveCfg = vasiliy.stan|Any CPU
		{005C85D6-29AF-496E-8DB3-4648596DD155}.vasiliy.stan|x86.Build.0 = vasiliy.stan|Any CPU
		{D19D7195-DC06-46A9-90E2-089AF160C964}.Debug|Any CPU.ActiveCfg = Debug|Any CPU
		{D19D7195-DC06-46A9-90E2-089AF160C964}.Debug|Any CPU.Build.0 = Debug|Any CPU
		{D19D7195-DC06-46A9-90E2-089AF160C964}.Debug|x64.ActiveCfg = Debug|Any CPU
		{D19D7195-DC06-46A9-90E2-089AF160C964}.Debug|x64.Build.0 = Debug|Any CPU
		{D19D7195-DC06-46A9-90E2-089AF160C964}.Debug|x86.ActiveCfg = Debug|Any CPU
		{D19D7195-DC06-46A9-90E2-089AF160C964}.Debug|x86.Build.0 = Debug|Any CPU
		{D19D7195-DC06-46A9-90E2-089AF160C964}.Release|Any CPU.ActiveCfg = Release|Any CPU
		{D19D7195-DC06-46A9-90E2-089AF160C964}.Release|Any CPU.Build.0 = Release|Any CPU
		{D19D7195-DC06-46A9-90E2-089AF160C964}.Release|x64.ActiveCfg = Release|Any CPU
		{D19D7195-DC06-46A9-90E2-089AF160C964}.Release|x64.Build.0 = Release|Any CPU
		{D19D7195-DC06-46A9-90E2-089AF160C964}.Release|x86.ActiveCfg = Release|Any CPU
		{D19D7195-DC06-46A9-90E2-089AF160C964}.Release|x86.Build.0 = Release|Any CPU
		{D19D7195-DC06-46A9-90E2-089AF160C964}.vasiliy.stan|Any CPU.ActiveCfg = vasiliy.stan|Any CPU
		{D19D7195-DC06-46A9-90E2-089AF160C964}.vasiliy.stan|Any CPU.Build.0 = vasiliy.stan|Any CPU
		{D19D7195-DC06-46A9-90E2-089AF160C964}.vasiliy.stan|x64.ActiveCfg = vasiliy.stan|Any CPU
		{D19D7195-DC06-46A9-90E2-089AF160C964}.vasiliy.stan|x64.Build.0 = vasiliy.stan|Any CPU
		{D19D7195-DC06-46A9-90E2-089AF160C964}.vasiliy.stan|x86.ActiveCfg = vasiliy.stan|Any CPU
		{D19D7195-DC06-46A9-90E2-089AF160C964}.vasiliy.stan|x86.Build.0 = vasiliy.stan|Any CPU
		{35584E95-47BB-4E5A-AB49-86D9B18FA0C6}.Debug|Any CPU.ActiveCfg = Debug|Any CPU
		{35584E95-47BB-4E5A-AB49-86D9B18FA0C6}.Debug|Any CPU.Build.0 = Debug|Any CPU
		{35584E95-47BB-4E5A-AB49-86D9B18FA0C6}.Debug|x64.ActiveCfg = Debug|Any CPU
		{35584E95-47BB-4E5A-AB49-86D9B18FA0C6}.Debug|x64.Build.0 = Debug|Any CPU
		{35584E95-47BB-4E5A-AB49-86D9B18FA0C6}.Debug|x86.ActiveCfg = Debug|Any CPU
		{35584E95-47BB-4E5A-AB49-86D9B18FA0C6}.Debug|x86.Build.0 = Debug|Any CPU
		{35584E95-47BB-4E5A-AB49-86D9B18FA0C6}.Release|Any CPU.ActiveCfg = Release|Any CPU
		{35584E95-47BB-4E5A-AB49-86D9B18FA0C6}.Release|Any CPU.Build.0 = Release|Any CPU
		{35584E95-47BB-4E5A-AB49-86D9B18FA0C6}.Release|x64.ActiveCfg = Release|Any CPU
		{35584E95-47BB-4E5A-AB49-86D9B18FA0C6}.Release|x64.Build.0 = Release|Any CPU
		{35584E95-47BB-4E5A-AB49-86D9B18FA0C6}.Release|x86.ActiveCfg = Release|Any CPU
		{35584E95-47BB-4E5A-AB49-86D9B18FA0C6}.Release|x86.Build.0 = Release|Any CPU
		{35584E95-47BB-4E5A-AB49-86D9B18FA0C6}.vasiliy.stan|Any CPU.ActiveCfg = vasiliy.stan|Any CPU
		{35584E95-47BB-4E5A-AB49-86D9B18FA0C6}.vasiliy.stan|Any CPU.Build.0 = vasiliy.stan|Any CPU
		{35584E95-47BB-4E5A-AB49-86D9B18FA0C6}.vasiliy.stan|x64.ActiveCfg = Release|Any CPU
		{35584E95-47BB-4E5A-AB49-86D9B18FA0C6}.vasiliy.stan|x64.Build.0 = Release|Any CPU
		{35584E95-47BB-4E5A-AB49-86D9B18FA0C6}.vasiliy.stan|x86.ActiveCfg = Release|Any CPU
		{35584E95-47BB-4E5A-AB49-86D9B18FA0C6}.vasiliy.stan|x86.Build.0 = Release|Any CPU
	EndGlobalSection
	GlobalSection(SolutionProperties) = preSolution
		HideSolutionNode = FALSE
	EndGlobalSection
	GlobalSection(NestedProjects) = preSolution
		{A15CFE29-82AD-4D2C-96B9-17AF4D0D8AE3} = {264D95C1-7885-4D0D-902A-21BA8AE79989}
		{E1340322-4AE0-4BEE-B2DD-B5FFC986FBC4} = {D8BFBD6B-91DE-481E-B1CC-68DB7015E6E2}
		{EC84091D-C948-4328-A619-4CE4C49D4A66} = {D8BFBD6B-91DE-481E-B1CC-68DB7015E6E2}
		{9D107675-2567-4EAA-9647-0FDA18E865E6} = {6D839461-2C67-4D89-8398-C185557D4719}
		{C9F13CAD-1D52-4FF7-8041-C9B6A08B429E} = {A697970B-3CC9-4917-8741-00C0EE2A12FC}
		{5748BA3C-A420-45BA-9B2D-DFCE432F5978} = {A697970B-3CC9-4917-8741-00C0EE2A12FC}
		{7A435C1D-6D03-43D2-9679-2F11BF893A59} = {264D95C1-7885-4D0D-902A-21BA8AE79989}
		{03175A4D-E0B2-497D-9348-59D0784D2865} = {264D95C1-7885-4D0D-902A-21BA8AE79989}
		{005C85D6-29AF-496E-8DB3-4648596DD155} = {A697970B-3CC9-4917-8741-00C0EE2A12FC}
		{D19D7195-DC06-46A9-90E2-089AF160C964} = {A697970B-3CC9-4917-8741-00C0EE2A12FC}
		{35584E95-47BB-4E5A-AB49-86D9B18FA0C6} = {A697970B-3CC9-4917-8741-00C0EE2A12FC}
	EndGlobalSection
	GlobalSection(ExtensibilityGlobals) = postSolution
		SolutionGuid = {19DC9213-C7A4-4577-A1E7-41ADFA3BCCB1}
		RESX_NeutralResourcesLanguage = eo-001
	EndGlobalSection
EndGlobal
